
Microsoft Visual Studio Solution File, Format Version 12.00
# Visual Studio 15
VisualStudioVersion = 15.0.27004.2005
MinimumVisualStudioVersion = 10.0.40219.1
Project("{FAE04EC0-301F-11D3-BF4B-00C04F79EFBC}") = "Otopark_LinkedQueueStack", "Otopark_LinkedQueueStack\Otopark_LinkedQueueStack.csproj", "{2D2FF74C-EBEF-4D7C-BC21-13DF4B8E0587}"
EndProject
Global
	GlobalSection(SolutionConfigurationPlatforms) = preSolution
		Debug|Any CPU = Debug|Any CPU
		Release|Any CPU = Release|Any CPU
	EndGlobalSection
	GlobalSection(ProjectConfigurationPlatforms) = postSolution
		{2D2FF74C-EBEF-4D7C-BC21-13DF4B8E0587}.Debug|Any CPU.ActiveCfg = Debug|Any CPU
		{2D2FF74C-EBEF-4D7C-BC21-13DF4B8E0587}.Debug|Any CPU.Build.0 = Debug|Any CPU
		{2D2FF74C-EBEF-4D7C-BC21-13DF4B8E0587}.Release|Any CPU.ActiveCfg = Release|Any CPU
		{2D2FF74C-EBEF-4D7C-BC21-13DF4B8E0587}.Release|Any CPU.Build.0 = Release|Any CPU
	EndGlobalSection
	GlobalSection(SolutionProperties) = preSolution
		HideSolutionNode = FALSE
	EndGlobalSection
	GlobalSection(ExtensibilityGlobals) = postSolution
		SolutionGuid = {06C8726D-BB92-4C1A-85DA-BBACFE722115}
	EndGlobalSection
EndGlobal
